
Microsoft Visual Studio Solution File, Format Version 12.00
# Visual Studio 2015
Project("{FAE04EC0-301F-11D3-BF4B-00C04F79EFBC}") = "graveyard", "graveyard.csproj", "{096FCC8F-D2C3-E41F-060F-B2F2B570A67E}"
EndProject
Project("{FAE04EC0-301F-11D3-BF4B-00C04F79EFBC}") = "graveyard.Editor", "graveyard.Editor.csproj", "{87AE4E53-6B8C-7D65-2F74-8E4427EC6910}"
EndProject
Global
	GlobalSection(SolutionConfigurationPlatforms) = preSolution
		Debug|Any CPU = Debug|Any CPU
		Release|Any CPU = Release|Any CPU
	EndGlobalSection
	GlobalSection(ProjectConfigurationPlatforms) = postSolution
		{096FCC8F-D2C3-E41F-060F-B2F2B570A67E}.Debug|Any CPU.ActiveCfg = Debug|Any CPU
		{096FCC8F-D2C3-E41F-060F-B2F2B570A67E}.Debug|Any CPU.Build.0 = Debug|Any CPU
		{096FCC8F-D2C3-E41F-060F-B2F2B570A67E}.Release|Any CPU.ActiveCfg = Release|Any CPU
		{096FCC8F-D2C3-E41F-060F-B2F2B570A67E}.Release|Any CPU.Build.0 = Release|Any CPU
		{87AE4E53-6B8C-7D65-2F74-8E4427EC6910}.Debug|Any CPU.ActiveCfg = Debug|Any CPU
		{87AE4E53-6B8C-7D65-2F74-8E4427EC6910}.Debug|Any CPU.Build.0 = Debug|Any CPU
		{87AE4E53-6B8C-7D65-2F74-8E4427EC6910}.Release|Any CPU.ActiveCfg = Release|Any CPU
		{87AE4E53-6B8C-7D65-2F74-8E4427EC6910}.Release|Any CPU.Build.0 = Release|Any CPU
	EndGlobalSection
	GlobalSection(SolutionProperties) = preSolution
		HideSolutionNode = FALSE
	EndGlobalSection
EndGlobal
